
Microsoft Visual Studio Solution File, Format Version 12.00
# Visual Studio Version 16
VisualStudioVersion = 16.0.31005.135
MinimumVisualStudioVersion = 10.0.40219.1
Project("{9A19103F-16F7-4668-BE54-9A1E7A4F7556}") = "WebPrj", "WebPrj\WebPrj.csproj", "{63FE92A0-081B-4B2A-9E35-C8CA853D7042}"
EndProject
Project("{FAE04EC0-301F-11D3-BF4B-00C04F79EFBC}") = "WebPrj.DAL", "WebPrj.DAL\WebPrj.DAL.csproj", "{304A3383-9A81-4C03-96C7-C4023874F8FC}"
EndProject
Global
	GlobalSection(SolutionConfigurationPlatforms) = preSolution
		Debug|Any CPU = Debug|Any CPU
		Release|Any CPU = Release|Any CPU
	EndGlobalSection
	GlobalSection(ProjectConfigurationPlatforms) = postSolution
		{63FE92A0-081B-4B2A-9E35-C8CA853D7042}.Debug|Any CPU.ActiveCfg = Debug|Any CPU
		{63FE92A0-081B-4B2A-9E35-C8CA853D7042}.Debug|Any CPU.Build.0 = Debug|Any CPU
		{63FE92A0-081B-4B2A-9E35-C8CA853D7042}.Release|Any CPU.ActiveCfg = Release|Any CPU
		{63FE92A0-081B-4B2A-9E35-C8CA853D7042}.Release|Any CPU.Build.0 = Release|Any CPU
		{304A3383-9A81-4C03-96C7-C4023874F8FC}.Debug|Any CPU.ActiveCfg = Debug|Any CPU
		{304A3383-9A81-4C03-96C7-C4023874F8FC}.Debug|Any CPU.Build.0 = Debug|Any CPU
		{304A3383-9A81-4C03-96C7-C4023874F8FC}.Release|Any CPU.ActiveCfg = Release|Any CPU
		{304A3383-9A81-4C03-96C7-C4023874F8FC}.Release|Any CPU.Build.0 = Release|Any CPU
	EndGlobalSection
	GlobalSection(SolutionProperties) = preSolution
		HideSolutionNode = FALSE
	EndGlobalSection
	GlobalSection(ExtensibilityGlobals) = postSolution
		SolutionGuid = {33CBF27D-ECC8-4BC6-BDFC-46FF311D592B}
	EndGlobalSection
EndGlobal
